
Microsoft Visual Studio Solution File, Format Version 12.00
# Visual Studio Version 17
VisualStudioVersion = 17.9.34607.119
MinimumVisualStudioVersion = 10.0.40219.1
Project("{9A19103F-16F7-4668-BE54-9A1E7A4F7556}") = "MiWeb", "MiWeb\MiWeb.csproj", "{B8432F49-4349-41F9-92F3-DA42BA235B52}"
EndProject
Project("{FAE04EC0-301F-11D3-BF4B-00C04F79EFBC}") = "TestUnitarios", "TestUnitarios\TestUnitarios.csproj", "{487954EB-7FFC-44BA-A735-6E60B0911970}"
EndProject
Global
	GlobalSection(SolutionConfigurationPlatforms) = preSolution
		Debug|Any CPU = Debug|Any CPU
		Release|Any CPU = Release|Any CPU
	EndGlobalSection
	GlobalSection(ProjectConfigurationPlatforms) = postSolution
		{B8432F49-4349-41F9-92F3-DA42BA235B52}.Debug|Any CPU.ActiveCfg = Debug|Any CPU
		{B8432F49-4349-41F9-92F3-DA42BA235B52}.Debug|Any CPU.Build.0 = Debug|Any CPU
		{B8432F49-4349-41F9-92F3-DA42BA235B52}.Release|Any CPU.ActiveCfg = Release|Any CPU
		{B8432F49-4349-41F9-92F3-DA42BA235B52}.Release|Any CPU.Build.0 = Release|Any CPU
		{487954EB-7FFC-44BA-A735-6E60B0911970}.Debug|Any CPU.ActiveCfg = Debug|Any CPU
		{487954EB-7FFC-44BA-A735-6E60B0911970}.Debug|Any CPU.Build.0 = Debug|Any CPU
		{487954EB-7FFC-44BA-A735-6E60B0911970}.Release|Any CPU.ActiveCfg = Release|Any CPU
		{487954EB-7FFC-44BA-A735-6E60B0911970}.Release|Any CPU.Build.0 = Release|Any CPU
	EndGlobalSection
	GlobalSection(SolutionProperties) = preSolution
		HideSolutionNode = FALSE
	EndGlobalSection
	GlobalSection(ExtensibilityGlobals) = postSolution
		SolutionGuid = {F29C240F-8766-4929-A1DE-7A634A1453F0}
	EndGlobalSection
EndGlobal
